// !$*UTF8*$!
{
	archiveVersion = 1;
	classes = {
	};
	objectVersion = 50;
	objects = {

/* Begin PBXBuildFile section */
		594716C121889D1300F11972 /* Extensions.swift in Sources */ = {isa = PBXBuildFile; fileRef = 594716C021889D1300F11972 /* Extensions.swift */; };
		594716C7218A05C000F11972 /* MatrixTableView.swift in Sources */ = {isa = PBXBuildFile; fileRef = 594716C6218A05C000F11972 /* MatrixTableView.swift */; };
		594716D7218B565700F11972 /* MatrixViewController.swift in Sources */ = {isa = PBXBuildFile; fileRef = 594716D6218B565700F11972 /* MatrixViewController.swift */; };
		594716D9218B580200F11972 /* MoveMatrixComponent.swift in Sources */ = {isa = PBXBuildFile; fileRef = 594716D8218B580200F11972 /* MoveMatrixComponent.swift */; };
		59A48CC72185363100694BBB /* AppDelegate.swift in Sources */ = {isa = PBXBuildFile; fileRef = 59A48CC62185363100694BBB /* AppDelegate.swift */; };
		59A48CC92185363100694BBB /* ViewController.swift in Sources */ = {isa = PBXBuildFile; fileRef = 59A48CC82185363100694BBB /* ViewController.swift */; };
		59A48CCC2185363100694BBB /* Main.storyboard in Resources */ = {isa = PBXBuildFile; fileRef = 59A48CCA2185363100694BBB /* Main.storyboard */; };
		59A48CCE2185363300694BBB /* Assets.xcassets in Resources */ = {isa = PBXBuildFile; fileRef = 59A48CCD2185363300694BBB /* Assets.xcassets */; };
		59A48CD12185363300694BBB /* LaunchScreen.storyboard in Resources */ = {isa = PBXBuildFile; fileRef = 59A48CCF2185363300694BBB /* LaunchScreen.storyboard */; };
		59A48CDC2185363300694BBB /* DemoTests.swift in Sources */ = {isa = PBXBuildFile; fileRef = 59A48CDB2185363300694BBB /* DemoTests.swift */; };
		59A48CE72185363300694BBB /* DemoUITests.swift in Sources */ = {isa = PBXBuildFile; fileRef = 59A48CE62185363300694BBB /* DemoUITests.swift */; };
		59A48CF72185369400694BBB /* Info.plist in Resources */ = {isa = PBXBuildFile; fileRef = 59A48CF62185369400694BBB /* Info.plist */; };
/* End PBXBuildFile section */

/* Begin PBXContainerItemProxy section */
		59A48CD82185363300694BBB /* PBXContainerItemProxy */ = {
			isa = PBXContainerItemProxy;
			containerPortal = 59A48CBB2185363100694BBB /* Project object */;
			proxyType = 1;
			remoteGlobalIDString = 59A48CC22185363100694BBB;
			remoteInfo = Demo;
		};
		59A48CE32185363300694BBB /* PBXContainerItemProxy */ = {
			isa = PBXContainerItemProxy;
			containerPortal = 59A48CBB2185363100694BBB /* Project object */;
			proxyType = 1;
			remoteGlobalIDString = 59A48CC22185363100694BBB;
			remoteInfo = Demo;
		};
/* End PBXContainerItemProxy section */

/* Begin PBXFileReference section */
		594716C021889D1300F11972 /* Extensions.swift */ = {isa = PBXFileReference; lastKnownFileType = sourcecode.swift; path = Extensions.swift; sourceTree = "<group>"; };
		594716C6218A05C000F11972 /* MatrixTableView.swift */ = {isa = PBXFileReference; lastKnownFileType = sourcecode.swift; path = MatrixTableView.swift; sourceTree = "<group>"; };
		594716D6218B565700F11972 /* MatrixViewController.swift */ = {isa = PBXFileReference; lastKnownFileType = sourcecode.swift; path = MatrixViewController.swift; sourceTree = "<group>"; };
		594716D8218B580200F11972 /* MoveMatrixComponent.swift */ = {isa = PBXFileReference; lastKnownFileType = sourcecode.swift; path = MoveMatrixComponent.swift; sourceTree = "<group>"; };
		59A48CC32185363100694BBB /* Demo.app */ = {isa = PBXFileReference; explicitFileType = wrapper.application; includeInIndex = 0; path = Demo.app; sourceTree = BUILT_PRODUCTS_DIR; };
		59A48CC62185363100694BBB /* AppDelegate.swift */ = {isa = PBXFileReference; lastKnownFileType = sourcecode.swift; path = AppDelegate.swift; sourceTree = "<group>"; };
		59A48CC82185363100694BBB /* ViewController.swift */ = {isa = PBXFileReference; lastKnownFileType = sourcecode.swift; path = ViewController.swift; sourceTree = "<group>"; };
		59A48CCB2185363100694BBB /* Base */ = {isa = PBXFileReference; lastKnownFileType = file.storyboard; name = Base; path = Base.lproj/Main.storyboard; sourceTree = "<group>"; };
		59A48CCD2185363300694BBB /* Assets.xcassets */ = {isa = PBXFileReference; lastKnownFileType = folder.assetcatalog; path = Assets.xcassets; sourceTree = "<group>"; };
		59A48CD02185363300694BBB /* Base */ = {isa = PBXFileReference; lastKnownFileType = file.storyboard; name = Base; path = Base.lproj/LaunchScreen.storyboard; sourceTree = "<group>"; };
		59A48CD22185363300694BBB /* Info.plist */ = {isa = PBXFileReference; lastKnownFileType = text.plist.xml; path = Info.plist; sourceTree = "<group>"; };
		59A48CD72185363300694BBB /* DemoTests.xctest */ = {isa = PBXFileReference; explicitFileType = wrapper.cfbundle; includeInIndex = 0; path = DemoTests.xctest; sourceTree = BUILT_PRODUCTS_DIR; };
		59A48CDB2185363300694BBB /* DemoTests.swift */ = {isa = PBXFileReference; lastKnownFileType = sourcecode.swift; path = DemoTests.swift; sourceTree = "<group>"; };
		59A48CDD2185363300694BBB /* Info.plist */ = {isa = PBXFileReference; lastKnownFileType = text.plist.xml; path = Info.plist; sourceTree = "<group>"; };
		59A48CE22185363300694BBB /* DemoUITests.xctest */ = {isa = PBXFileReference; explicitFileType = wrapper.cfbundle; includeInIndex = 0; path = DemoUITests.xctest; sourceTree = BUILT_PRODUCTS_DIR; };
		59A48CE62185363300694BBB /* DemoUITests.swift */ = {isa = PBXFileReference; lastKnownFileType = sourcecode.swift; path = DemoUITests.swift; sourceTree = "<group>"; };
		59A48CE82185363300694BBB /* Info.plist */ = {isa = PBXFileReference; lastKnownFileType = text.plist.xml; path = Info.plist; sourceTree = "<group>"; };
		59A48CF52185369400694BBB /* MoveMatrix.h */ = {isa = PBXFileReference; fileEncoding = 4; lastKnownFileType = sourcecode.c.h; path = MoveMatrix.h; sourceTree = "<group>"; };
		59A48CF62185369400694BBB /* Info.plist */ = {isa = PBXFileReference; fileEncoding = 4; lastKnownFileType = text.plist.xml; path = Info.plist; sourceTree = "<group>"; };
/* End PBXFileReference section */

/* Begin PBXFrameworksBuildPhase section */
		59A48CC02185363100694BBB /* Frameworks */ = {
			isa = PBXFrameworksBuildPhase;
			buildActionMask = 2147483647;
			files = (
			);
			runOnlyForDeploymentPostprocessing = 0;
		};
		59A48CD42185363300694BBB /* Frameworks */ = {
			isa = PBXFrameworksBuildPhase;
			buildActionMask = 2147483647;
			files = (
			);
			runOnlyForDeploymentPostprocessing = 0;
		};
		59A48CDF2185363300694BBB /* Frameworks */ = {
			isa = PBXFrameworksBuildPhase;
			buildActionMask = 2147483647;
			files = (
			);
			runOnlyForDeploymentPostprocessing = 0;
		};
/* End PBXFrameworksBuildPhase section */

/* Begin PBXGroup section */
		59A48CBA2185363100694BBB = {
			isa = PBXGroup;
			children = (
				59A48CF42185369400694BBB /* MoveMatrix */,
				59A48CC52185363100694BBB /* Demo */,
				59A48CDA2185363300694BBB /* DemoTests */,
				59A48CE52185363300694BBB /* DemoUITests */,
				59A48CC42185363100694BBB /* Products */,
			);
			sourceTree = "<group>";
		};
		59A48CC42185363100694BBB /* Products */ = {
			isa = PBXGroup;
			children = (
				59A48CC32185363100694BBB /* Demo.app */,
				59A48CD72185363300694BBB /* DemoTests.xctest */,
				59A48CE22185363300694BBB /* DemoUITests.xctest */,
			);
			name = Products;
			sourceTree = "<group>";
		};
		59A48CC52185363100694BBB /* Demo */ = {
			isa = PBXGroup;
			children = (
				59A48CC62185363100694BBB /* AppDelegate.swift */,
				59A48CC82185363100694BBB /* ViewController.swift */,
				59A48CCA2185363100694BBB /* Main.storyboard */,
				59A48CCD2185363300694BBB /* Assets.xcassets */,
				59A48CCF2185363300694BBB /* LaunchScreen.storyboard */,
				59A48CD22185363300694BBB /* Info.plist */,
			);
			path = Demo;
			sourceTree = "<group>";
		};
		59A48CDA2185363300694BBB /* DemoTests */ = {
			isa = PBXGroup;
			children = (
				59A48CDB2185363300694BBB /* DemoTests.swift */,
				59A48CDD2185363300694BBB /* Info.plist */,
			);
			path = DemoTests;
			sourceTree = "<group>";
		};
		59A48CE52185363300694BBB /* DemoUITests */ = {
			isa = PBXGroup;
			children = (
				59A48CE62185363300694BBB /* DemoUITests.swift */,
				59A48CE82185363300694BBB /* Info.plist */,
			);
			path = DemoUITests;
			sourceTree = "<group>";
		};
		59A48CF42185369400694BBB /* MoveMatrix */ = {
			isa = PBXGroup;
			children = (
				59A48CF52185369400694BBB /* MoveMatrix.h */,
				594716C021889D1300F11972 /* Extensions.swift */,
				594716C6218A05C000F11972 /* MatrixTableView.swift */,
				594716D8218B580200F11972 /* MoveMatrixComponent.swift */,
				594716D6218B565700F11972 /* MatrixViewController.swift */,
				59A48CF62185369400694BBB /* Info.plist */,
			);
			name = MoveMatrix;
			path = ../MoveMatrix;
			sourceTree = "<group>";
		};
/* End PBXGroup section */

/* Begin PBXNativeTarget section */
		59A48CC22185363100694BBB /* Demo */ = {
			isa = PBXNativeTarget;
			buildConfigurationList = 59A48CEB2185363300694BBB /* Build configuration list for PBXNativeTarget "Demo" */;
			buildPhases = (
				59A48CBF2185363100694BBB /* Sources */,
				59A48CC02185363100694BBB /* Frameworks */,
				59A48CC12185363100694BBB /* Resources */,
			);
			buildRules = (
			);
			dependencies = (
			);
			name = Demo;
			productName = Demo;
			productReference = 59A48CC32185363100694BBB /* Demo.app */;
			productType = "com.apple.product-type.application";
		};
		59A48CD62185363300694BBB /* DemoTests */ = {
			isa = PBXNativeTarget;
			buildConfigurationList = 59A48CEE2185363300694BBB /* Build configuration list for PBXNativeTarget "DemoTests" */;
			buildPhases = (
				59A48CD32185363300694BBB /* Sources */,
				59A48CD42185363300694BBB /* Frameworks */,
				59A48CD52185363300694BBB /* Resources */,
			);
			buildRules = (
			);
			dependencies = (
				59A48CD92185363300694BBB /* PBXTargetDependency */,
			);
			name = DemoTests;
			productName = DemoTests;
			productReference = 59A48CD72185363300694BBB /* DemoTests.xctest */;
			productType = "com.apple.product-type.bundle.unit-test";
		};
		59A48CE12185363300694BBB /* DemoUITests */ = {
			isa = PBXNativeTarget;
			buildConfigurationList = 59A48CF12185363300694BBB /* Build configuration list for PBXNativeTarget "DemoUITests" */;
			buildPhases = (
				59A48CDE2185363300694BBB /* Sources */,
				59A48CDF2185363300694BBB /* Frameworks */,
				59A48CE02185363300694BBB /* Resources */,
			);
			buildRules = (
			);
			dependencies = (
				59A48CE42185363300694BBB /* PBXTargetDependency */,
			);
			name = DemoUITests;
			productName = DemoUITests;
			productReference = 59A48CE22185363300694BBB /* DemoUITests.xctest */;
			productType = "com.apple.product-type.bundle.ui-testing";
		};
/* End PBXNativeTarget section */

/* Begin PBXProject section */
		59A48CBB2185363100694BBB /* Project object */ = {
			isa = PBXProject;
			attributes = {
				LastSwiftUpdateCheck = 0940;
				LastUpgradeCheck = 0940;
				ORGANIZATIONNAME = "takahiro yoshikawa";
				TargetAttributes = {
					59A48CC22185363100694BBB = {
						CreatedOnToolsVersion = 9.4;
					};
					59A48CD62185363300694BBB = {
						CreatedOnToolsVersion = 9.4;
						TestTargetID = 59A48CC22185363100694BBB;
					};
					59A48CE12185363300694BBB = {
						CreatedOnToolsVersion = 9.4;
						TestTargetID = 59A48CC22185363100694BBB;
					};
				};
			};
			buildConfigurationList = 59A48CBE2185363100694BBB /* Build configuration list for PBXProject "Demo" */;
			compatibilityVersion = "Xcode 9.3";
			developmentRegion = en;
			hasScannedForEncodings = 0;
			knownRegions = (
				en,
				Base,
			);
			mainGroup = 59A48CBA2185363100694BBB;
			productRefGroup = 59A48CC42185363100694BBB /* Products */;
			projectDirPath = "";
			projectRoot = "";
			targets = (
				59A48CC22185363100694BBB /* Demo */,
				59A48CD62185363300694BBB /* DemoTests */,
				59A48CE12185363300694BBB /* DemoUITests */,
			);
		};
/* End PBXProject section */

/* Begin PBXResourcesBuildPhase section */
		59A48CC12185363100694BBB /* Resources */ = {
			isa = PBXResourcesBuildPhase;
			buildActionMask = 2147483647;
			files = (
				59A48CF72185369400694BBB /* Info.plist in Resources */,
				59A48CD12185363300694BBB /* LaunchScreen.storyboard in Resources */,
				59A48CCE2185363300694BBB /* Assets.xcassets in Resources */,
				59A48CCC2185363100694BBB /* Main.storyboard in Resources */,
			);
			runOnlyForDeploymentPostprocessing = 0;
		};
		59A48CD52185363300694BBB /* Resources */ = {
			isa = PBXResourcesBuildPhase;
			buildActionMask = 2147483647;
			files = (
			);
			runOnlyForDeploymentPostprocessing = 0;
		};
		59A48CE02185363300694BBB /* Resources */ = {
			isa = PBXResourcesBuildPhase;
			buildActionMask = 2147483647;
			files = (
			);
			runOnlyForDeploymentPostprocessing = 0;
		};
/* End PBXResourcesBuildPhase section */

/* Begin PBXSourcesBuildPhase section */
		59A48CBF2185363100694BBB /* Sources */ = {
			isa = PBXSourcesBuildPhase;
			buildActionMask = 2147483647;
			files = (
				59A48CC92185363100694BBB /* ViewController.swift in Sources */,
				594716C7218A05C000F11972 /* MatrixTableView.swift in Sources */,
				594716C121889D1300F11972 /* Extensions.swift in Sources */,
				59A48CC72185363100694BBB /* AppDelegate.swift in Sources */,
				594716D7218B565700F11972 /* MatrixViewController.swift in Sources */,
				594716D9218B580200F11972 /* MoveMatrixComponent.swift in Sources */,
			);
			runOnlyForDeploymentPostprocessing = 0;
		};
		59A48CD32185363300694BBB /* Sources */ = {
			isa = PBXSourcesBuildPhase;
			buildActionMask = 2147483647;
			files = (
				59A48CDC2185363300694BBB /* DemoTests.swift in Sources */,
			);
			runOnlyForDeploymentPostprocessing = 0;
		};
		59A48CDE2185363300694BBB /* Sources */ = {
			isa = PBXSourcesBuildPhase;
			buildActionMask = 2147483647;
			files = (
				59A48CE72185363300694BBB /* DemoUITests.swift in Sources */,
			);
			runOnlyForDeploymentPostprocessing = 0;
		};
/* End PBXSourcesBuildPhase section */

/* Begin PBXTargetDependency section */
		59A48CD92185363300694BBB /* PBXTargetDependency */ = {
			isa = PBXTargetDependency;
			target = 59A48CC22185363100694BBB /* Demo */;
			targetProxy = 59A48CD82185363300694BBB /* PBXContainerItemProxy */;
		};
		59A48CE42185363300694BBB /* PBXTargetDependency */ = {
			isa = PBXTargetDependency;
			target = 59A48CC22185363100694BBB /* Demo */;
			targetProxy = 59A48CE32185363300694BBB /* PBXContainerItemProxy */;
		};
/* End PBXTargetDependency section */

/* Begin PBXVariantGroup section */
		59A48CCA2185363100694BBB /* Main.storyboard */ = {
			isa = PBXVariantGroup;
			children = (
				59A48CCB2185363100694BBB /* Base */,
			);
			name = Main.storyboard;
			sourceTree = "<group>";
		};
		59A48CCF2185363300694BBB /* LaunchScreen.storyboard */ = {
			isa = PBXVariantGroup;
			children = (
				59A48CD02185363300694BBB /* Base */,
			);
			name = LaunchScreen.storyboard;
			sourceTree = "<group>";
		};
/* End PBXVariantGroup section */

/* Begin XCBuildConfiguration section */
		59A48CE92185363300694BBB /* Debug */ = {
			isa = XCBuildConfiguration;
			buildSettings = {
				ALWAYS_SEARCH_USER_PATHS = NO;
				CLANG_ANALYZER_NONNULL = YES;
				CLANG_ANALYZER_NUMBER_OBJECT_CONVERSION = YES_AGGRESSIVE;
				CLANG_CXX_LANGUAGE_STANDARD = "gnu++14";
				CLANG_CXX_LIBRARY = "libc++";
				CLANG_ENABLE_MODULES = YES;
				CLANG_ENABLE_OBJC_ARC = YES;
				CLANG_ENABLE_OBJC_WEAK = YES;
				CLANG_WARN_BLOCK_CAPTURE_AUTORELEASING = YES;
				CLANG_WARN_BOOL_CONVERSION = YES;
				CLANG_WARN_COMMA = YES;
				CLANG_WARN_CONSTANT_CONVERSION = YES;
				CLANG_WARN_DEPRECATED_OBJC_IMPLEMENTATIONS = YES;
				CLANG_WARN_DIRECT_OBJC_ISA_USAGE = YES_ERROR;
				CLANG_WARN_DOCUMENTATION_COMMENTS = YES;
				CLANG_WARN_EMPTY_BODY = YES;
				CLANG_WARN_ENUM_CONVERSION = YES;
				CLANG_WARN_INFINITE_RECURSION = YES;
				CLANG_WARN_INT_CONVERSION = YES;
				CLANG_WARN_NON_LITERAL_NULL_CONVERSION = YES;
				CLANG_WARN_OBJC_IMPLICIT_RETAIN_SELF = YES;
				CLANG_WARN_OBJC_LITERAL_CONVERSION = YES;
				CLANG_WARN_OBJC_ROOT_CLASS = YES_ERROR;
				CLANG_WARN_RANGE_LOOP_ANALYSIS = YES;
				CLANG_WARN_STRICT_PROTOTYPES = YES;
				CLANG_WARN_SUSPICIOUS_MOVE = YES;
				CLANG_WARN_UNGUARDED_AVAILABILITY = YES_AGGRESSIVE;
				CLANG_WARN_UNREACHABLE_CODE = YES;
				CLANG_WARN__DUPLICATE_METHOD_MATCH = YES;
				CODE_SIGN_IDENTITY = "iPhone Developer";
				COPY_PHASE_STRIP = NO;
				DEBUG_INFORMATION_FORMAT = dwarf;
				ENABLE_STRICT_OBJC_MSGSEND = YES;
				ENABLE_TESTABILITY = YES;
				GCC_C_LANGUAGE_STANDARD = gnu11;
				GCC_DYNAMIC_NO_PIC = NO;
				GCC_NO_COMMON_BLOCKS = YES;
				GCC_OPTIMIZATION_LEVEL = 0;
				GCC_PREPROCESSOR_DEFINITIONS = (
					"DEBUG=1",
					"$(inherited)",
				);
				GCC_WARN_64_TO_32_BIT_CONVERSION = YES;
				GCC_WARN_ABOUT_RETURN_TYPE = YES_ERROR;
				GCC_WARN_UNDECLARED_SELECTOR = YES;
				GCC_WARN_UNINITIALIZED_AUTOS = YES_AGGRESSIVE;
				GCC_WARN_UNUSED_FUNCTION = YES;
				GCC_WARN_UNUSED_VARIABLE = YES;
				IPHONEOS_DEPLOYMENT_TARGET = 11.4;
				MTL_ENABLE_DEBUG_INFO = YES;
				ONLY_ACTIVE_ARCH = YES;
				SDKROOT = iphoneos;
				SWIFT_ACTIVE_COMPILATION_CONDITIONS = DEBUG;
				SWIFT_OPTIMIZATION_LEVEL = "-Onone";
			};
			name = Debug;
		};
		59A48CEA2185363300694BBB /* Release */ = {
			isa = XCBuildConfiguration;
			buildSettings = {
				ALWAYS_SEARCH_USER_PATHS = NO;
				CLANG_ANALYZER_NONNULL = YES;
				CLANG_ANALYZER_NUMBER_OBJECT_CONVERSION = YES_AGGRESSIVE;
				CLANG_CXX_LANGUAGE_STANDARD = "gnu++14";
				CLANG_CXX_LIBRARY = "libc++";
				CLANG_ENABLE_MODULES = YES;
				CLANG_ENABLE_OBJC_ARC = YES;
				CLANG_ENABLE_OBJC_WEAK = YES;
				CLANG_WARN_BLOCK_CAPTURE_AUTORELEASING = YES;
				CLANG_WARN_BOOL_CONVERSION = YES;
				CLANG_WARN_COMMA = YES;
				CLANG_WARN_CONSTANT_CONVERSION = YES;
				CLANG_WARN_DEPRECATED_OBJC_IMPLEMENTATIONS = YES;
				CLANG_WARN_DIRECT_OBJC_ISA_USAGE = YES_ERROR;
				CLANG_WARN_DOCUMENTATION_COMMENTS = YES;
				CLANG_WARN_EMPTY_BODY = YES;
				CLANG_WARN_ENUM_CONVERSION = YES;
				CLANG_WARN_INFINITE_RECURSION = YES;
				CLANG_WARN_INT_CONVERSION = YES;
				CLANG_WARN_NON_LITERAL_NULL_CONVERSION = YES;
				CLANG_WARN_OBJC_IMPLICIT_RETAIN_SELF = YES;
				CLANG_WARN_OBJC_LITERAL_CONVERSION = YES;
				CLANG_WARN_OBJC_ROOT_CLASS = YES_ERROR;
				CLANG_WARN_RANGE_LOOP_ANALYSIS = YES;
				CLANG_WARN_STRICT_PROTOTYPES = YES;
				CLANG_WARN_SUSPICIOUS_MOVE = YES;
				CLANG_WARN_UNGUARDED_AVAILABILITY = YES_AGGRESSIVE;
				CLANG_WARN_UNREACHABLE_CODE = YES;
				CLANG_WARN__DUPLICATE_METHOD_MATCH = YES;
				CODE_SIGN_IDENTITY = "iPhone Developer";
				COPY_PHASE_STRIP = NO;
				DEBUG_INFORMATION_FORMAT = "dwarf-with-dsym";
				ENABLE_NS_ASSERTIONS = NO;
				ENABLE_STRICT_OBJC_MSGSEND = YES;
				GCC_C_LANGUAGE_STANDARD = gnu11;
				GCC_NO_COMMON_BLOCKS = YES;
				GCC_WARN_64_TO_32_BIT_CONVERSION = YES;
				GCC_WARN_ABOUT_RETURN_TYPE = YES_ERROR;
				GCC_WARN_UNDECLARED_SELECTOR = YES;
				GCC_WARN_UNINITIALIZED_AUTOS = YES_AGGRESSIVE;
				GCC_WARN_UNUSED_FUNCTION = YES;
				GCC_WARN_UNUSED_VARIABLE = YES;
				IPHONEOS_DEPLOYMENT_TARGET = 11.4;
				MTL_ENABLE_DEBUG_INFO = NO;
				SDKROOT = iphoneos;
				SWIFT_COMPILATION_MODE = wholemodule;
				SWIFT_OPTIMIZATION_LEVEL = "-O";
				VALIDATE_PRODUCT = YES;
			};
			name = Release;
		};
		59A48CEC2185363300694BBB /* Debug */ = {
			isa = XCBuildConfiguration;
			buildSettings = {
				ASSETCATALOG_COMPILER_APPICON_NAME = AppIcon;
				CODE_SIGN_STYLE = Automatic;
				DEVELOPMENT_TEAM = LC262FF5YU;
				INFOPLIST_FILE = Demo/Info.plist;
				LD_RUNPATH_SEARCH_PATHS = (
					"$(inherited)",
					"@executable_path/Frameworks",
				);
				PRODUCT_BUNDLE_IDENTIFIER = com.aihasayahukoma7.Demo;
				PRODUCT_NAME = "$(TARGET_NAME)";
				SWIFT_VERSION = 4.0;
				TARGETED_DEVICE_FAMILY = "1,2";
			};
			name = Debug;
		};
		59A48CED2185363300694BBB /* Release */ = {
			isa = XCBuildConfiguration;
			buildSettings = {
				ASSETCATALOG_COMPILER_APPICON_NAME = AppIcon;
				CODE_SIGN_STYLE = Automatic;
				DEVELOPMENT_TEAM = LC262FF5YU;
				INFOPLIST_FILE = Demo/Info.plist;
				LD_RUNPATH_SEARCH_PATHS = (
					"$(inherited)",
					"@executable_path/Frameworks",
				);
				PRODUCT_BUNDLE_IDENTIFIER = com.aihasayahukoma7.Demo;
				PRODUCT_NAME = "$(TARGET_NAME)";
				SWIFT_VERSION = 4.0;
				TARGETED_DEVICE_FAMILY = "1,2";
			};
			name = Release;
		};
		59A48CEF2185363300694BBB /* Debug */ = {
			isa = XCBuildConfiguration;
			buildSettings = {
				ALWAYS_EMBED_SWIFT_STANDARD_LIBRARIES = YES;
				BUNDLE_LOADER = "$(TEST_HOST)";
				CODE_SIGN_STYLE = Automatic;
				DEVELOPMENT_TEAM = LC262FF5YU;
				INFOPLIST_FILE = DemoTests/Info.plist;
				LD_RUNPATH_SEARCH_PATHS = (
					"$(inherited)",
					"@executable_path/Frameworks",
					"@loader_path/Frameworks",
				);
				PRODUCT_BUNDLE_IDENTIFIER = com.aihasayahukoma7.DemoTests;
				PRODUCT_NAME = "$(TARGET_NAME)";
				SWIFT_VERSION = 4.0;
				TARGETED_DEVICE_FAMILY = "1,2";
				TEST_HOST = "$(BUILT_PRODUCTS_DIR)/Demo.app/Demo";
			};
			name = Debug;
		};
		59A48CF02185363300694BBB /* Release */ = {
			isa = XCBuildConfiguration;
			buildSettings = {
				ALWAYS_EMBED_SWIFT_STANDARD_LIBRARIES = YES;
				BUNDLE_LOADER = "$(TEST_HOST)";
				CODE_SIGN_STYLE = Automatic;
				DEVELOPMENT_TEAM = LC262FF5YU;
				INFOPLIST_FILE = DemoTests/Info.plist;
				LD_RUNPATH_SEARCH_PATHS = (
					"$(inherited)",
					"@executable_path/Frameworks",
					"@loader_path/Frameworks",
				);
				PRODUCT_BUNDLE_IDENTIFIER = com.aihasayahukoma7.DemoTests;
				PRODUCT_NAME = "$(TARGET_NAME)";
				SWIFT_VERSION = 4.0;
				TARGETED_DEVICE_FAMILY = "1,2";
				TEST_HOST = "$(BUILT_PRODUCTS_DIR)/Demo.app/Demo";
			};
			name = Release;
		};
		59A48CF22185363300694BBB /* Debug */ = {
			isa = XCBuildConfiguration;
			buildSettings = {
				ALWAYS_EMBED_SWIFT_STANDARD_LIBRARIES = YES;
				CODE_SIGN_STYLE = Automatic;
				DEVELOPMENT_TEAM = LC262FF5YU;
				INFOPLIST_FILE = DemoUITests/Info.plist;
				LD_RUNPATH_SEARCH_PATHS = (
					"$(inherited)",
					"@executable_path/Frameworks",
					"@loader_path/Frameworks",
				);
				PRODUCT_BUNDLE_IDENTIFIER = com.aihasayahukoma7.DemoUITests;
				PRODUCT_NAME = "$(TARGET_NAME)";
				SWIFT_VERSION = 4.0;
				TARGETED_DEVICE_FAMILY = "1,2";
				TEST_TARGET_NAME = Demo;
			};
			name = Debug;
		};
		59A48CF32185363300694BBB /* Release */ = {
			isa = XCBuildConfiguration;
			buildSettings = {
				ALWAYS_EMBED_SWIFT_STANDARD_LIBRARIES = YES;
				CODE_SIGN_STYLE = Automatic;
				DEVELOPMENT_TEAM = LC262FF5YU;
				INFOPLIST_FILE = DemoUITests/Info.plist;
				LD_RUNPATH_SEARCH_PATHS = (
					"$(inherited)",
					"@executable_path/Frameworks",
					"@loader_path/Frameworks",
				);
				PRODUCT_BUNDLE_IDENTIFIER = com.aihasayahukoma7.DemoUITests;
				PRODUCT_NAME = "$(TARGET_NAME)";
				SWIFT_VERSION = 4.0;
				TARGETED_DEVICE_FAMILY = "1,2";
				TEST_TARGET_NAME = Demo;
			};
			name = Release;
		};
/* End XCBuildConfiguration section */

/* Begin XCConfigurationList section */
		59A48CBE2185363100694BBB /* Build configuration list for PBXProject "Demo" */ = {
			isa = XCConfigurationList;
			buildConfigurations = (
				59A48CE92185363300694BBB /* Debug */,
				59A48CEA2185363300694BBB /* Release */,
			);
			defaultConfigurationIsVisible = 0;
			defaultConfigurationName = Release;
		};
		59A48CEB2185363300694BBB /* Build configuration list for PBXNativeTarget "Demo" */ = {
			isa = XCConfigurationList;
			buildConfigurations = (
				59A48CEC2185363300694BBB /* Debug */,
				59A48CED2185363300694BBB /* Release */,
			);
			defaultConfigurationIsVisible = 0;
			defaultConfigurationName = Release;
		};
		59A48CEE2185363300694BBB /* Build configuration list for PBXNativeTarget "DemoTests" */ = {
			isa = XCConfigurationList;
			buildConfigurations = (
				59A48CEF2185363300694BBB /* Debug */,
				59A48CF02185363300694BBB /* Release */,
			);
			defaultConfigurationIsVisible = 0;
			defaultConfigurationName = Release;
		};
		59A48CF12185363300694BBB /* Build configuration list for PBXNativeTarget "DemoUITests" */ = {
			isa = XCConfigurationList;
			buildConfigurations = (
				59A48CF22185363300694BBB /* Debug */,
				59A48CF32185363300694BBB /* Release */,
			);
			defaultConfigurationIsVisible = 0;
			defaultConfigurationName = Release;
		};
/* End XCConfigurationList section */
	};
	rootObject = 59A48CBB2185363100694BBB /* Project object */;
}
